---
ID: "7ddac3d5-cdfe-479b-a3ed-d07ac0142121"
Parent: "148514e9-1352-4b29-baad-c3ce95d553ef"
Template: "04646a89-996f-4ee7-878a-ffdbf1f0ef0d"
Path: /sitecore/layout/Renderings/Project/JssNextPersonalizationWeb/Content Block
SharedFields:
- ID: "037fe404-dd19-4bf7-8e30-4dadf68b27b0"
  Hint: componentName
  Value: ContentBlock
- ID: "1a7c85e5-dc0b-490d-9187-bb1dbcb4c72f"
  Hint: Datasource Template
  Value: /sitecore/templates/Project/JssNextPersonalizationWeb/Content Block
- ID: "b5b27af1-25ef-405c-87ce-369b3a004016"
  Hint: Datasource Location
  Value: ./datasources
Languages:
- Language: en
  Fields:
  - ID: "b5e02ad9-d56f-4c41-a065-a133db87bdeb"
    Hint: __Display name
    Value: Content Block
  Versions:
  - Version: 1
    Fields:
    - ID: "25bed78c-4957-4165-998a-ca1b52f67497"
      Hint: __Created
      Value: 20210610T182831Z
    - ID: "8cdc337e-a112-42fb-bbb4-4143751e123f"
      Hint: __Revision
      Value: "1d7e56fe-0bb9-4fe4-a82b-f4aa0f86f7aa"
    - ID: "badd9cf9-53e0-4d0c-bcc0-2d784c282f6a"
      Hint: __Updated by
      Value: |
        sitecore\Admin
    - ID: "d9cf14b1-fa16-4ba6-9288-e8a174d4d522"
      Hint: __Updated
      Value: 20210701T134843Z
